
Microsoft Visual Studio Solution File, Format Version 12.00
# Visual Studio Version 17
VisualStudioVersion = 17.7.34031.279
MinimumVisualStudioVersion = 10.0.40219.1
Project("{FAE04EC0-301F-11D3-BF4B-00C04F79EFBC}") = "openexchangerates-api", "openexchangerates-api.csproj", "{719460EE-AF13-4EC6-BBA3-900812A74FDC}"
EndProject
Global
	GlobalSection(SolutionConfigurationPlatforms) = preSolution
		Debug|Any CPU = Debug|Any CPU
		Release|Any CPU = Release|Any CPU
	EndGlobalSection
	GlobalSection(ProjectConfigurationPlatforms) = postSolution
		{719460EE-AF13-4EC6-BBA3-900812A74FDC}.Debug|Any CPU.ActiveCfg = Debug|Any CPU
		{719460EE-AF13-4EC6-BBA3-900812A74FDC}.Debug|Any CPU.Build.0 = Debug|Any CPU
		{719460EE-AF13-4EC6-BBA3-900812A74FDC}.Release|Any CPU.ActiveCfg = Release|Any CPU
		{719460EE-AF13-4EC6-BBA3-900812A74FDC}.Release|Any CPU.Build.0 = Release|Any CPU
	EndGlobalSection
	GlobalSection(SolutionProperties) = preSolution
		HideSolutionNode = FALSE
	EndGlobalSection
	GlobalSection(ExtensibilityGlobals) = postSolution
		SolutionGuid = {55B0C005-98E6-4BAA-93BF-27B4E34E4712}
	EndGlobalSection
EndGlobal
